
Microsoft Visual Studio Solution File, Format Version 12.00
# Visual Studio Version 16
VisualStudioVersion = 16.0.31019.35
MinimumVisualStudioVersion = 10.0.40219.1
Project("{2150E333-8FDC-42A3-9474-1A3956D46DE8}") = "03", "03", "{AACAD0EC-CFC3-466E-A008-D117FF31436D}"
EndProject
Project("{9A19103F-16F7-4668-BE54-9A1E7A4F7556}") = "3a_ActionBlock", "03\3a_ActionBlock\3a_ActionBlock.csproj", "{8B07CB5E-FC08-4A6D-AF4C-FA6EAFE940D6}"
EndProject
Project("{9A19103F-16F7-4668-BE54-9A1E7A4F7556}") = "3b_TransformBlock", "03\3b_TransformBlock\3b_TransformBlock.csproj", "{020602E4-A012-48F8-96EF-476954877DFC}"
EndProject
Project("{9A19103F-16F7-4668-BE54-9A1E7A4F7556}") = "3c_BatchBlock", "03\3c_BatchBlock\3c_BatchBlock.csproj", "{ACC2C873-2D02-4DF3-B837-50FCEA4A6DD6}"
EndProject
Project("{9A19103F-16F7-4668-BE54-9A1E7A4F7556}") = "3d_TransformManyBlock", "03\3d_TransformManyBlock\3d_TransformManyBlock.csproj", "{5F689447-47E0-4C3C-9B8A-B6C25A70F25F}"
EndProject
Project("{9A19103F-16F7-4668-BE54-9A1E7A4F7556}") = "3e_BufferBlock_BoundedCap", "03\3e_BufferBlock_BoundedCap\3e_BufferBlock_BoundedCap.csproj", "{D4C6F88A-A49A-4BCE-8327-3079B76086A1}"
EndProject
Project("{9A19103F-16F7-4668-BE54-9A1E7A4F7556}") = "3f_BroadcastBlock", "03\3f_BroadcastBlock\3f_BroadcastBlock.csproj", "{DC5BBE5C-3CE3-4760-8906-6ADB148B9073}"
EndProject
Project("{9A19103F-16F7-4668-BE54-9A1E7A4F7556}") = "3g_JoinBlock", "03\3g_JoinBlock\3g_JoinBlock.csproj", "{25E34429-7523-4D38-9599-B456B7AB4865}"
EndProject
Project("{9A19103F-16F7-4668-BE54-9A1E7A4F7556}") = "3h_BatchedJoinBlock", "03\3h_BatchedJoinBlock\3h_BatchedJoinBlock.csproj", "{027E6F92-29EE-4219-BC13-12575D2EC49C}"
EndProject
Project("{9A19103F-16F7-4668-BE54-9A1E7A4F7556}") = "3i_WriteOnceBlock", "03\3i_WriteOnceBlock\3i_WriteOnceBlock.csproj", "{4AFD77B6-88B5-4CDC-9CEF-06A022439F36}"
EndProject
Project("{2150E333-8FDC-42A3-9474-1A3956D46DE8}") = "04", "04", "{4718BDDD-3742-4320-ABE4-6445EBFDB18A}"
EndProject
Project("{9A19103F-16F7-4668-BE54-9A1E7A4F7556}") = "4a_Completion", "04\4a_Completion\4a_Completion.csproj", "{69777255-1BAA-4B5B-8663-85F297C6D381}"
EndProject
Project("{9A19103F-16F7-4668-BE54-9A1E7A4F7556}") = "4b_ListToWithPropagation", "04\4b_ListToWithPropagation\4b_ListToWithPropagation.csproj", "{872366D8-ADA9-4F7A-9522-1CB1168AB890}"
EndProject
Project("{9A19103F-16F7-4668-BE54-9A1E7A4F7556}") = "4c_OptionsAppend", "04\4c_OptionsAppend\4c_OptionsAppend.csproj", "{5B1F5B5C-E543-4784-905C-F8A31A1D67F7}"
EndProject
Project("{9A19103F-16F7-4668-BE54-9A1E7A4F7556}") = "4d_OptionsMaxMessages", "04\4d_OptionsMaxMessages\4d_OptionsMaxMessages.csproj", "{246EE759-491D-4C1C-8988-89441D9E53CA}"
EndProject
Project("{9A19103F-16F7-4668-BE54-9A1E7A4F7556}") = "4e_OptionMessageFilter", "04\4e_OptionMessageFilter\4e_OptionMessageFilter.csproj", "{30E34D38-ED9A-4156-B35C-AE935569EDFB}"
EndProject
Project("{9A19103F-16F7-4668-BE54-9A1E7A4F7556}") = "4f_MultipleProducers", "04\4f_MultipleProducers\4f_MultipleProducers.csproj", "{37807C75-81EA-43A1-B779-30E23B574A5C}"
EndProject
Project("{9A19103F-16F7-4668-BE54-9A1E7A4F7556}") = "4g_ErrorHandling", "04\4g_ErrorHandling\4g_ErrorHandling.csproj", "{7F257984-633E-4E96-86C0-E659B6E41F22}"
EndProject
Project("{2150E333-8FDC-42A3-9474-1A3956D46DE8}") = "05", "05", "{7B72DBC8-C90B-4181-B5A3-7E4599AB2898}"
EndProject
Project("{9A19103F-16F7-4668-BE54-9A1E7A4F7556}") = "5a_SingleProducerConstraint", "05\5a_SingleProducerConstraint\5a_SingleProducerConstraint.csproj", "{E8D7E56E-E97C-49FE-856D-DFF90542C81E}"
EndProject
Project("{FAE04EC0-301F-11D3-BF4B-00C04F79EFBC}") = "5b_Scheduling", "05\5b_Scheduling\5b_Scheduling.csproj", "{37533E71-7F5D-4708-836F-CFC80758212F}"
EndProject
Project("{9A19103F-16F7-4668-BE54-9A1E7A4F7556}") = "5c_MaxMessagesPerTask", "05\5c_MaxMessagesPerTask\5c_MaxMessagesPerTask.csproj", "{69FA7F36-9978-43B4-8FA7-6167C8DF6BD9}"
EndProject
Global
	GlobalSection(SolutionConfigurationPlatforms) = preSolution
		Debug|Any CPU = Debug|Any CPU
		Release|Any CPU = Release|Any CPU
	EndGlobalSection
	GlobalSection(ProjectConfigurationPlatforms) = postSolution
		{8B07CB5E-FC08-4A6D-AF4C-FA6EAFE940D6}.Debug|Any CPU.ActiveCfg = Debug|Any CPU
		{8B07CB5E-FC08-4A6D-AF4C-FA6EAFE940D6}.Debug|Any CPU.Build.0 = Debug|Any CPU
		{8B07CB5E-FC08-4A6D-AF4C-FA6EAFE940D6}.Release|Any CPU.ActiveCfg = Release|Any CPU
		{8B07CB5E-FC08-4A6D-AF4C-FA6EAFE940D6}.Release|Any CPU.Build.0 = Release|Any CPU
		{020602E4-A012-48F8-96EF-476954877DFC}.Debug|Any CPU.ActiveCfg = Debug|Any CPU
		{020602E4-A012-48F8-96EF-476954877DFC}.Debug|Any CPU.Build.0 = Debug|Any CPU
		{020602E4-A012-48F8-96EF-476954877DFC}.Release|Any CPU.ActiveCfg = Release|Any CPU
		{020602E4-A012-48F8-96EF-476954877DFC}.Release|Any CPU.Build.0 = Release|Any CPU
		{ACC2C873-2D02-4DF3-B837-50FCEA4A6DD6}.Debug|Any CPU.ActiveCfg = Debug|Any CPU
		{ACC2C873-2D02-4DF3-B837-50FCEA4A6DD6}.Debug|Any CPU.Build.0 = Debug|Any CPU
		{ACC2C873-2D02-4DF3-B837-50FCEA4A6DD6}.Release|Any CPU.ActiveCfg = Release|Any CPU
		{ACC2C873-2D02-4DF3-B837-50FCEA4A6DD6}.Release|Any CPU.Build.0 = Release|Any CPU
		{5F689447-47E0-4C3C-9B8A-B6C25A70F25F}.Debug|Any CPU.ActiveCfg = Debug|Any CPU
		{5F689447-47E0-4C3C-9B8A-B6C25A70F25F}.Debug|Any CPU.Build.0 = Debug|Any CPU
		{5F689447-47E0-4C3C-9B8A-B6C25A70F25F}.Release|Any CPU.ActiveCfg = Release|Any CPU
		{5F689447-47E0-4C3C-9B8A-B6C25A70F25F}.Release|Any CPU.Build.0 = Release|Any CPU
		{D4C6F88A-A49A-4BCE-8327-3079B76086A1}.Debug|Any CPU.ActiveCfg = Debug|Any CPU
		{D4C6F88A-A49A-4BCE-8327-3079B76086A1}.Debug|Any CPU.Build.0 = Debug|Any CPU
		{D4C6F88A-A49A-4BCE-8327-3079B76086A1}.Release|Any CPU.ActiveCfg = Release|Any CPU
		{D4C6F88A-A49A-4BCE-8327-3079B76086A1}.Release|Any CPU.Build.0 = Release|Any CPU
		{DC5BBE5C-3CE3-4760-8906-6ADB148B9073}.Debug|Any CPU.ActiveCfg = Debug|Any CPU
		{DC5BBE5C-3CE3-4760-8906-6ADB148B9073}.Debug|Any CPU.Build.0 = Debug|Any CPU
		{DC5BBE5C-3CE3-4760-8906-6ADB148B9073}.Release|Any CPU.ActiveCfg = Release|Any CPU
		{DC5BBE5C-3CE3-4760-8906-6ADB148B9073}.Release|Any CPU.Build.0 = Release|Any CPU
		{25E34429-7523-4D38-9599-B456B7AB4865}.Debug|Any CPU.ActiveCfg = Debug|Any CPU
		{25E34429-7523-4D38-9599-B456B7AB4865}.Debug|Any CPU.Build.0 = Debug|Any CPU
		{25E34429-7523-4D38-9599-B456B7AB4865}.Release|Any CPU.ActiveCfg = Release|Any CPU
		{25E34429-7523-4D38-9599-B456B7AB4865}.Release|Any CPU.Build.0 = Release|Any CPU
		{027E6F92-29EE-4219-BC13-12575D2EC49C}.Debug|Any CPU.ActiveCfg = Debug|Any CPU
		{027E6F92-29EE-4219-BC13-12575D2EC49C}.Debug|Any CPU.Build.0 = Debug|Any CPU
		{027E6F92-29EE-4219-BC13-12575D2EC49C}.Release|Any CPU.ActiveCfg = Release|Any CPU
		{027E6F92-29EE-4219-BC13-12575D2EC49C}.Release|Any CPU.Build.0 = Release|Any CPU
		{4AFD77B6-88B5-4CDC-9CEF-06A022439F36}.Debug|Any CPU.ActiveCfg = Debug|Any CPU
		{4AFD77B6-88B5-4CDC-9CEF-06A022439F36}.Debug|Any CPU.Build.0 = Debug|Any CPU
		{4AFD77B6-88B5-4CDC-9CEF-06A022439F36}.Release|Any CPU.ActiveCfg = Release|Any CPU
		{4AFD77B6-88B5-4CDC-9CEF-06A022439F36}.Release|Any CPU.Build.0 = Release|Any CPU
		{69777255-1BAA-4B5B-8663-85F297C6D381}.Debug|Any CPU.ActiveCfg = Debug|Any CPU
		{69777255-1BAA-4B5B-8663-85F297C6D381}.Debug|Any CPU.Build.0 = Debug|Any CPU
		{69777255-1BAA-4B5B-8663-85F297C6D381}.Release|Any CPU.ActiveCfg = Release|Any CPU
		{69777255-1BAA-4B5B-8663-85F297C6D381}.Release|Any CPU.Build.0 = Release|Any CPU
		{872366D8-ADA9-4F7A-9522-1CB1168AB890}.Debug|Any CPU.ActiveCfg = Debug|Any CPU
		{872366D8-ADA9-4F7A-9522-1CB1168AB890}.Debug|Any CPU.Build.0 = Debug|Any CPU
		{872366D8-ADA9-4F7A-9522-1CB1168AB890}.Release|Any CPU.ActiveCfg = Release|Any CPU
		{872366D8-ADA9-4F7A-9522-1CB1168AB890}.Release|Any CPU.Build.0 = Release|Any CPU
		{5B1F5B5C-E543-4784-905C-F8A31A1D67F7}.Debug|Any CPU.ActiveCfg = Debug|Any CPU
		{5B1F5B5C-E543-4784-905C-F8A31A1D67F7}.Debug|Any CPU.Build.0 = Debug|Any CPU
		{5B1F5B5C-E543-4784-905C-F8A31A1D67F7}.Release|Any CPU.ActiveCfg = Release|Any CPU
		{5B1F5B5C-E543-4784-905C-F8A31A1D67F7}.Release|Any CPU.Build.0 = Release|Any CPU
		{246EE759-491D-4C1C-8988-89441D9E53CA}.Debug|Any CPU.ActiveCfg = Debug|Any CPU
		{246EE759-491D-4C1C-8988-89441D9E53CA}.Debug|Any CPU.Build.0 = Debug|Any CPU
		{246EE759-491D-4C1C-8988-89441D9E53CA}.Release|Any CPU.ActiveCfg = Release|Any CPU
		{246EE759-491D-4C1C-8988-89441D9E53CA}.Release|Any CPU.Build.0 = Release|Any CPU
		{30E34D38-ED9A-4156-B35C-AE935569EDFB}.Debug|Any CPU.ActiveCfg = Debug|Any CPU
		{30E34D38-ED9A-4156-B35C-AE935569EDFB}.Debug|Any CPU.Build.0 = Debug|Any CPU
		{30E34D38-ED9A-4156-B35C-AE935569EDFB}.Release|Any CPU.ActiveCfg = Release|Any CPU
		{30E34D38-ED9A-4156-B35C-AE935569EDFB}.Release|Any CPU.Build.0 = Release|Any CPU
		{37807C75-81EA-43A1-B779-30E23B574A5C}.Debug|Any CPU.ActiveCfg = Debug|Any CPU
		{37807C75-81EA-43A1-B779-30E23B574A5C}.Debug|Any CPU.Build.0 = Debug|Any CPU
		{37807C75-81EA-43A1-B779-30E23B574A5C}.Release|Any CPU.ActiveCfg = Release|Any CPU
		{37807C75-81EA-43A1-B779-30E23B574A5C}.Release|Any CPU.Build.0 = Release|Any CPU
		{7F257984-633E-4E96-86C0-E659B6E41F22}.Debug|Any CPU.ActiveCfg = Debug|Any CPU
		{7F257984-633E-4E96-86C0-E659B6E41F22}.Debug|Any CPU.Build.0 = Debug|Any CPU
		{7F257984-633E-4E96-86C0-E659B6E41F22}.Release|Any CPU.ActiveCfg = Release|Any CPU
		{7F257984-633E-4E96-86C0-E659B6E41F22}.Release|Any CPU.Build.0 = Release|Any CPU
		{E8D7E56E-E97C-49FE-856D-DFF90542C81E}.Debug|Any CPU.ActiveCfg = Debug|Any CPU
		{E8D7E56E-E97C-49FE-856D-DFF90542C81E}.Debug|Any CPU.Build.0 = Debug|Any CPU
		{E8D7E56E-E97C-49FE-856D-DFF90542C81E}.Release|Any CPU.ActiveCfg = Release|Any CPU
		{E8D7E56E-E97C-49FE-856D-DFF90542C81E}.Release|Any CPU.Build.0 = Release|Any CPU
		{37533E71-7F5D-4708-836F-CFC80758212F}.Debug|Any CPU.ActiveCfg = Debug|Any CPU
		{37533E71-7F5D-4708-836F-CFC80758212F}.Debug|Any CPU.Build.0 = Debug|Any CPU
		{37533E71-7F5D-4708-836F-CFC80758212F}.Release|Any CPU.ActiveCfg = Release|Any CPU
		{37533E71-7F5D-4708-836F-CFC80758212F}.Release|Any CPU.Build.0 = Release|Any CPU
		{69FA7F36-9978-43B4-8FA7-6167C8DF6BD9}.Debug|Any CPU.ActiveCfg = Debug|Any CPU
		{69FA7F36-9978-43B4-8FA7-6167C8DF6BD9}.Debug|Any CPU.Build.0 = Debug|Any CPU
		{69FA7F36-9978-43B4-8FA7-6167C8DF6BD9}.Release|Any CPU.ActiveCfg = Release|Any CPU
		{69FA7F36-9978-43B4-8FA7-6167C8DF6BD9}.Release|Any CPU.Build.0 = Release|Any CPU
	EndGlobalSection
	GlobalSection(SolutionProperties) = preSolution
		HideSolutionNode = FALSE
	EndGlobalSection
	GlobalSection(NestedProjects) = preSolution
		{8B07CB5E-FC08-4A6D-AF4C-FA6EAFE940D6} = {AACAD0EC-CFC3-466E-A008-D117FF31436D}
		{020602E4-A012-48F8-96EF-476954877DFC} = {AACAD0EC-CFC3-466E-A008-D117FF31436D}
		{ACC2C873-2D02-4DF3-B837-50FCEA4A6DD6} = {AACAD0EC-CFC3-466E-A008-D117FF31436D}
		{5F689447-47E0-4C3C-9B8A-B6C25A70F25F} = {AACAD0EC-CFC3-466E-A008-D117FF31436D}
		{D4C6F88A-A49A-4BCE-8327-3079B76086A1} = {AACAD0EC-CFC3-466E-A008-D117FF31436D}
		{DC5BBE5C-3CE3-4760-8906-6ADB148B9073} = {AACAD0EC-CFC3-466E-A008-D117FF31436D}
		{25E34429-7523-4D38-9599-B456B7AB4865} = {AACAD0EC-CFC3-466E-A008-D117FF31436D}
		{027E6F92-29EE-4219-BC13-12575D2EC49C} = {AACAD0EC-CFC3-466E-A008-D117FF31436D}
		{4AFD77B6-88B5-4CDC-9CEF-06A022439F36} = {AACAD0EC-CFC3-466E-A008-D117FF31436D}
		{69777255-1BAA-4B5B-8663-85F297C6D381} = {4718BDDD-3742-4320-ABE4-6445EBFDB18A}
		{872366D8-ADA9-4F7A-9522-1CB1168AB890} = {4718BDDD-3742-4320-ABE4-6445EBFDB18A}
		{5B1F5B5C-E543-4784-905C-F8A31A1D67F7} = {4718BDDD-3742-4320-ABE4-6445EBFDB18A}
		{246EE759-491D-4C1C-8988-89441D9E53CA} = {4718BDDD-3742-4320-ABE4-6445EBFDB18A}
		{30E34D38-ED9A-4156-B35C-AE935569EDFB} = {4718BDDD-3742-4320-ABE4-6445EBFDB18A}
		{37807C75-81EA-43A1-B779-30E23B574A5C} = {4718BDDD-3742-4320-ABE4-6445EBFDB18A}
		{7F257984-633E-4E96-86C0-E659B6E41F22} = {4718BDDD-3742-4320-ABE4-6445EBFDB18A}
		{E8D7E56E-E97C-49FE-856D-DFF90542C81E} = {7B72DBC8-C90B-4181-B5A3-7E4599AB2898}
		{37533E71-7F5D-4708-836F-CFC80758212F} = {7B72DBC8-C90B-4181-B5A3-7E4599AB2898}
		{69FA7F36-9978-43B4-8FA7-6167C8DF6BD9} = {7B72DBC8-C90B-4181-B5A3-7E4599AB2898}
	EndGlobalSection
	GlobalSection(ExtensibilityGlobals) = postSolution
		SolutionGuid = {3D98A120-3AC4-4FB8-9E40-BD8D3470E504}
	EndGlobalSection
EndGlobal
